
Microsoft Visual Studio Solution File, Format Version 12.00
# Visual Studio Version 17
VisualStudioVersion = 17.11.35303.130
MinimumVisualStudioVersion = 10.0.40219.1
Project("{FAE04EC0-301F-11D3-BF4B-00C04F79EFBC}") = "FormulárioPDFConverter", "FormulárioPDFConverter\FormulárioPDFConverter.csproj", "{8AA67E41-D177-4E94-A5B6-5FB58AEC482A}"
EndProject
Project("{FAE04EC0-301F-11D3-BF4B-00C04F79EFBC}") = "FormulárioPDFConverter.Data", "FormulárioPDFConverter.Data\FormulárioPDFConverter.Data.csproj", "{A7097AFB-014C-48EA-B0DD-4F548A6598C8}"
EndProject
Global
	GlobalSection(SolutionConfigurationPlatforms) = preSolution
		Debug|Any CPU = Debug|Any CPU
		Release|Any CPU = Release|Any CPU
	EndGlobalSection
	GlobalSection(ProjectConfigurationPlatforms) = postSolution
		{8AA67E41-D177-4E94-A5B6-5FB58AEC482A}.Debug|Any CPU.ActiveCfg = Debug|Any CPU
		{8AA67E41-D177-4E94-A5B6-5FB58AEC482A}.Debug|Any CPU.Build.0 = Debug|Any CPU
		{8AA67E41-D177-4E94-A5B6-5FB58AEC482A}.Release|Any CPU.ActiveCfg = Release|Any CPU
		{8AA67E41-D177-4E94-A5B6-5FB58AEC482A}.Release|Any CPU.Build.0 = Release|Any CPU
		{A7097AFB-014C-48EA-B0DD-4F548A6598C8}.Debug|Any CPU.ActiveCfg = Debug|Any CPU
		{A7097AFB-014C-48EA-B0DD-4F548A6598C8}.Debug|Any CPU.Build.0 = Debug|Any CPU
		{A7097AFB-014C-48EA-B0DD-4F548A6598C8}.Release|Any CPU.ActiveCfg = Release|Any CPU
		{A7097AFB-014C-48EA-B0DD-4F548A6598C8}.Release|Any CPU.Build.0 = Release|Any CPU
	EndGlobalSection
	GlobalSection(SolutionProperties) = preSolution
		HideSolutionNode = FALSE
	EndGlobalSection
	GlobalSection(ExtensibilityGlobals) = postSolution
		SolutionGuid = {8F24205A-F04B-4269-85BC-8136468F384B}
	EndGlobalSection
EndGlobal
